
Microsoft Visual Studio Solution File, Format Version 12.00
# Visual Studio Version 17
VisualStudioVersion = 17.3.32922.545
MinimumVisualStudioVersion = 10.0.40219.1
Project("{9A19103F-16F7-4668-BE54-9A1E7A4F7556}") = "PaymentGatewayApi", "PaymentGatewayApi\PaymentGatewayApi.csproj", "{A0BEAF6E-D4C3-4BCD-9178-F7B4743EDA83}"
EndProject
Project("{9A19103F-16F7-4668-BE54-9A1E7A4F7556}") = "PaymentGatewayApiTests", "PaymentGateTest\PaymentGatewayApiTests.csproj", "{5828F302-39ED-453B-B564-253233EB0961}"
EndProject
Global
	GlobalSection(SolutionConfigurationPlatforms) = preSolution
		Debug|Any CPU = Debug|Any CPU
		Release|Any CPU = Release|Any CPU
	EndGlobalSection
	GlobalSection(ProjectConfigurationPlatforms) = postSolution
		{A0BEAF6E-D4C3-4BCD-9178-F7B4743EDA83}.Debug|Any CPU.ActiveCfg = Debug|Any CPU
		{A0BEAF6E-D4C3-4BCD-9178-F7B4743EDA83}.Debug|Any CPU.Build.0 = Debug|Any CPU
		{A0BEAF6E-D4C3-4BCD-9178-F7B4743EDA83}.Release|Any CPU.ActiveCfg = Release|Any CPU
		{A0BEAF6E-D4C3-4BCD-9178-F7B4743EDA83}.Release|Any CPU.Build.0 = Release|Any CPU
		{5828F302-39ED-453B-B564-253233EB0961}.Debug|Any CPU.ActiveCfg = Debug|Any CPU
		{5828F302-39ED-453B-B564-253233EB0961}.Debug|Any CPU.Build.0 = Debug|Any CPU
		{5828F302-39ED-453B-B564-253233EB0961}.Release|Any CPU.ActiveCfg = Release|Any CPU
		{5828F302-39ED-453B-B564-253233EB0961}.Release|Any CPU.Build.0 = Release|Any CPU
	EndGlobalSection
	GlobalSection(SolutionProperties) = preSolution
		HideSolutionNode = FALSE
	EndGlobalSection
	GlobalSection(ExtensibilityGlobals) = postSolution
		SolutionGuid = {D09692C1-7F11-494A-8154-074F8F4D3715}
	EndGlobalSection
EndGlobal
